
Microsoft Visual Studio Solution File, Format Version 12.00
# Visual Studio Version 16
VisualStudioVersion = 16.0.31424.327
MinimumVisualStudioVersion = 10.0.40219.1
Project("{FAE04EC0-301F-11D3-BF4B-00C04F79EFBC}") = "MarathonSkills", "MarathonSkills.csproj", "{765CADD3-8B75-43F4-B52B-C7DD98EFFECC}"
EndProject
Global
	GlobalSection(SolutionConfigurationPlatforms) = preSolution
		Debug|Any CPU = Debug|Any CPU
		Release|Any CPU = Release|Any CPU
	EndGlobalSection
	GlobalSection(ProjectConfigurationPlatforms) = postSolution
		{765CADD3-8B75-43F4-B52B-C7DD98EFFECC}.Debug|Any CPU.ActiveCfg = Debug|Any CPU
		{765CADD3-8B75-43F4-B52B-C7DD98EFFECC}.Debug|Any CPU.Build.0 = Debug|Any CPU
		{765CADD3-8B75-43F4-B52B-C7DD98EFFECC}.Release|Any CPU.ActiveCfg = Release|Any CPU
		{765CADD3-8B75-43F4-B52B-C7DD98EFFECC}.Release|Any CPU.Build.0 = Release|Any CPU
	EndGlobalSection
	GlobalSection(SolutionProperties) = preSolution
		HideSolutionNode = FALSE
	EndGlobalSection
	GlobalSection(ExtensibilityGlobals) = postSolution
		SolutionGuid = {82E3C535-D559-415C-BA44-ED7E061DA321}
	EndGlobalSection
EndGlobal
